
Microsoft Visual Studio Solution File, Format Version 12.00
Project("{FAE04EC0-301F-11D3-BF4B-00C04F79EFBC}") = "ConsoleApp1", "ConsoleApp1\ConsoleApp1.csproj", "{63286BE8-5E16-4593-A233-22AD2C1CD4D9}"
EndProject
Project("{FAE04EC0-301F-11D3-BF4B-00C04F79EFBC}") = "Benchmarks", "Benchmarks\Benchmarks.csproj", "{9A3A2A19-B2CC-4FC7-8764-C0D6AB874AC8}"
EndProject
Global
	GlobalSection(SolutionConfigurationPlatforms) = preSolution
		Debug|Any CPU = Debug|Any CPU
		Release|Any CPU = Release|Any CPU
	EndGlobalSection
	GlobalSection(ProjectConfigurationPlatforms) = postSolution
		{63286BE8-5E16-4593-A233-22AD2C1CD4D9}.Debug|Any CPU.ActiveCfg = Debug|Any CPU
		{63286BE8-5E16-4593-A233-22AD2C1CD4D9}.Debug|Any CPU.Build.0 = Debug|Any CPU
		{63286BE8-5E16-4593-A233-22AD2C1CD4D9}.Release|Any CPU.ActiveCfg = Release|Any CPU
		{63286BE8-5E16-4593-A233-22AD2C1CD4D9}.Release|Any CPU.Build.0 = Release|Any CPU
		{9A3A2A19-B2CC-4FC7-8764-C0D6AB874AC8}.Debug|Any CPU.ActiveCfg = Debug|Any CPU
		{9A3A2A19-B2CC-4FC7-8764-C0D6AB874AC8}.Debug|Any CPU.Build.0 = Debug|Any CPU
		{9A3A2A19-B2CC-4FC7-8764-C0D6AB874AC8}.Release|Any CPU.ActiveCfg = Release|Any CPU
		{9A3A2A19-B2CC-4FC7-8764-C0D6AB874AC8}.Release|Any CPU.Build.0 = Release|Any CPU
	EndGlobalSection
EndGlobal
